{
  "name": "dark-plus-tokyo-nights-italic-combo",
  "version": "0.2.0",
  "lockfileVersion": 2,
  "requires": true,
  "packages": {
    "": {
      "name": "dark-plus-tokyo-nights-italic-combo",
      "version": "0.2.0",
      "license": "MIT",
      "engines": {
        "vscode": "^1.67.0"
      }
    }
  }
}
